
Microsoft Visual Studio Solution File, Format Version 12.00
# Visual Studio Version 18
VisualStudioVersion = 18.1.11312.151
MinimumVisualStudioVersion = 10.0.40219.1
Project("{FAE04EC0-301F-11D3-BF4B-00C04F79EFBC}") = "Buzzlings.Data", "src\Buzzlings.Data\Buzzlings.Data.csproj", "{4233951B-498B-6044-9B7E-AB651CBCD2F8}"
EndProject
Project("{FAE04EC0-301F-11D3-BF4B-00C04F79EFBC}") = "Buzzlings.BusinessLogic", "src\Buzzlings.BusinessLogic\Buzzlings.BusinessLogic.csproj", "{A5925139-7E2D-08A0-CCAB-810D052388EE}"
EndProject
Project("{FAE04EC0-301F-11D3-BF4B-00C04F79EFBC}") = "Buzzlings.Api", "src\Buzzlings.Api\Buzzlings.Api.csproj", "{4FB5E885-C928-B98B-C9AA-F44B28C9054C}"
EndProject
Project("{FAE04EC0-301F-11D3-BF4B-00C04F79EFBC}") = "Buzzlings.Web", "src\Buzzlings\Buzzlings.Web.csproj", "{FA199961-3007-5E7A-526A-D628456B3936}"
EndProject
Project("{2150E333-8FDC-42A3-9474-1A3956D46DE8}") = "src", "src", "{CD832311-B7A7-43AE-8FE4-F4CDFA9A4E51}"
EndProject
Project("{2150E333-8FDC-42A3-9474-1A3956D46DE8}") = "tests", "tests", "{5FD78D91-3922-4CDC-8B6E-225B540F0020}"
EndProject
Project("{FAE04EC0-301F-11D3-BF4B-00C04F79EFBC}") = "Buzzlings.Tests", "tests\Buzzlings.Tests\Buzzlings.Tests.csproj", "{08EBF576-474D-4734-B45E-5863B0CC1BAD}"
EndProject
Global
	GlobalSection(SolutionConfigurationPlatforms) = preSolution
		Debug|Any CPU = Debug|Any CPU
		Release|Any CPU = Release|Any CPU
	EndGlobalSection
	GlobalSection(ProjectConfigurationPlatforms) = postSolution
		{4233951B-498B-6044-9B7E-AB651CBCD2F8}.Debug|Any CPU.ActiveCfg = Debug|Any CPU
		{4233951B-498B-6044-9B7E-AB651CBCD2F8}.Debug|Any CPU.Build.0 = Debug|Any CPU
		{4233951B-498B-6044-9B7E-AB651CBCD2F8}.Release|Any CPU.ActiveCfg = Release|Any CPU
		{4233951B-498B-6044-9B7E-AB651CBCD2F8}.Release|Any CPU.Build.0 = Release|Any CPU
		{A5925139-7E2D-08A0-CCAB-810D052388EE}.Debug|Any CPU.ActiveCfg = Debug|Any CPU
		{A5925139-7E2D-08A0-CCAB-810D052388EE}.Debug|Any CPU.Build.0 = Debug|Any CPU
		{A5925139-7E2D-08A0-CCAB-810D052388EE}.Release|Any CPU.ActiveCfg = Release|Any CPU
		{A5925139-7E2D-08A0-CCAB-810D052388EE}.Release|Any CPU.Build.0 = Release|Any CPU
		{4FB5E885-C928-B98B-C9AA-F44B28C9054C}.Debug|Any CPU.ActiveCfg = Debug|Any CPU
		{4FB5E885-C928-B98B-C9AA-F44B28C9054C}.Debug|Any CPU.Build.0 = Debug|Any CPU
		{4FB5E885-C928-B98B-C9AA-F44B28C9054C}.Release|Any CPU.ActiveCfg = Release|Any CPU
		{4FB5E885-C928-B98B-C9AA-F44B28C9054C}.Release|Any CPU.Build.0 = Release|Any CPU
		{FA199961-3007-5E7A-526A-D628456B3936}.Debug|Any CPU.ActiveCfg = Debug|Any CPU
		{FA199961-3007-5E7A-526A-D628456B3936}.Debug|Any CPU.Build.0 = Debug|Any CPU
		{FA199961-3007-5E7A-526A-D628456B3936}.Release|Any CPU.ActiveCfg = Release|Any CPU
		{FA199961-3007-5E7A-526A-D628456B3936}.Release|Any CPU.Build.0 = Release|Any CPU
		{08EBF576-474D-4734-B45E-5863B0CC1BAD}.Debug|Any CPU.ActiveCfg = Debug|Any CPU
		{08EBF576-474D-4734-B45E-5863B0CC1BAD}.Debug|Any CPU.Build.0 = Debug|Any CPU
		{08EBF576-474D-4734-B45E-5863B0CC1BAD}.Release|Any CPU.ActiveCfg = Release|Any CPU
		{08EBF576-474D-4734-B45E-5863B0CC1BAD}.Release|Any CPU.Build.0 = Release|Any CPU
	EndGlobalSection
	GlobalSection(SolutionProperties) = preSolution
		HideSolutionNode = FALSE
	EndGlobalSection
	GlobalSection(NestedProjects) = preSolution
		{4233951B-498B-6044-9B7E-AB651CBCD2F8} = {CD832311-B7A7-43AE-8FE4-F4CDFA9A4E51}
		{A5925139-7E2D-08A0-CCAB-810D052388EE} = {CD832311-B7A7-43AE-8FE4-F4CDFA9A4E51}
		{4FB5E885-C928-B98B-C9AA-F44B28C9054C} = {CD832311-B7A7-43AE-8FE4-F4CDFA9A4E51}
		{FA199961-3007-5E7A-526A-D628456B3936} = {CD832311-B7A7-43AE-8FE4-F4CDFA9A4E51}
		{08EBF576-474D-4734-B45E-5863B0CC1BAD} = {5FD78D91-3922-4CDC-8B6E-225B540F0020}
	EndGlobalSection
	GlobalSection(ExtensibilityGlobals) = postSolution
		SolutionGuid = {CC50BE59-8A72-4CEE-AACD-0664F2AC86B6}
	EndGlobalSection
EndGlobal
